// !$*UTF8*$!
{
	archiveVersion = 1;
	classes = {
	};
	objectVersion = 50;
	objects = {

/* Begin PBXBuildFile section */
		CC41345726AD32AF00CC9B61 /* AppDelegate.swift in Sources */ = {isa = PBXBuildFile; fileRef = CC41345626AD32AF00CC9B61 /* AppDelegate.swift */; };
		CC41345926AD32AF00CC9B61 /* SceneDelegate.swift in Sources */ = {isa = PBXBuildFile; fileRef = CC41345826AD32AF00CC9B61 /* SceneDelegate.swift */; };
		CC41345E26AD32AF00CC9B61 /* Main.storyboard in Resources */ = {isa = PBXBuildFile; fileRef = CC41345C26AD32AF00CC9B61 /* Main.storyboard */; };
		CC41346026AD32B100CC9B61 /* Assets.xcassets in Resources */ = {isa = PBXBuildFile; fileRef = CC41345F26AD32B100CC9B61 /* Assets.xcassets */; };
		CC41346326AD32B100CC9B61 /* LaunchScreen.storyboard in Resources */ = {isa = PBXBuildFile; fileRef = CC41346126AD32B100CC9B61 /* LaunchScreen.storyboard */; };
		CC41346B26AD363A00CC9B61 /* TableViewController.swift in Sources */ = {isa = PBXBuildFile; fileRef = CC41346A26AD363A00CC9B61 /* TableViewController.swift */; };
		CC41346D26AD366500CC9B61 /* AddViewController.swift in Sources */ = {isa = PBXBuildFile; fileRef = CC41346C26AD366500CC9B61 /* AddViewController.swift */; };
		CC41346F26AD367F00CC9B61 /* DetailViewController.swift in Sources */ = {isa = PBXBuildFile; fileRef = CC41346E26AD367F00CC9B61 /* DetailViewController.swift */; };
/* End PBXBuildFile section */

/* Begin PBXFileReference section */
		CC41345326AD32AF00CC9B61 /* July25_app03.app */ = {isa = PBXFileReference; explicitFileType = wrapper.application; includeInIndex = 0; path = July25_app03.app; sourceTree = BUILT_PRODUCTS_DIR; };
		CC41345626AD32AF00CC9B61 /* AppDelegate.swift */ = {isa = PBXFileReference; lastKnownFileType = sourcecode.swift; path = AppDelegate.swift; sourceTree = "<group>"; };
		CC41345826AD32AF00CC9B61 /* SceneDelegate.swift */ = {isa = PBXFileReference; lastKnownFileType = sourcecode.swift; path = SceneDelegate.swift; sourceTree = "<group>"; };
		CC41345D26AD32AF00CC9B61 /* Base */ = {isa = PBXFileReference; lastKnownFileType = file.storyboard; name = Base; path = Base.lproj/Main.storyboard; sourceTree = "<group>"; };
		CC41345F26AD32B100CC9B61 /* Assets.xcassets */ = {isa = PBXFileReference; lastKnownFileType = folder.assetcatalog; path = Assets.xcassets; sourceTree = "<group>"; };
		CC41346226AD32B100CC9B61 /* Base */ = {isa = PBXFileReference; lastKnownFileType = file.storyboard; name = Base; path = Base.lproj/LaunchScreen.storyboard; sourceTree = "<group>"; };
		CC41346426AD32B100CC9B61 /* Info.plist */ = {isa = PBXFileReference; lastKnownFileType = text.plist.xml; path = Info.plist; sourceTree = "<group>"; };
		CC41346A26AD363A00CC9B61 /* TableViewController.swift */ = {isa = PBXFileReference; lastKnownFileType = sourcecode.swift; path = TableViewController.swift; sourceTree = "<group>"; };
		CC41346C26AD366500CC9B61 /* AddViewController.swift */ = {isa = PBXFileReference; lastKnownFileType = sourcecode.swift; path = AddViewController.swift; sourceTree = "<group>"; };
		CC41346E26AD367F00CC9B61 /* DetailViewController.swift */ = {isa = PBXFileReference; lastKnownFileType = sourcecode.swift; path = DetailViewController.swift; sourceTree = "<group>"; };
/* End PBXFileReference section */

/* Begin PBXFrameworksBuildPhase section */
		CC41345026AD32AF00CC9B61 /* Frameworks */ = {
			isa = PBXFrameworksBuildPhase;
			buildActionMask = 2147483647;
			files = (
			);
			runOnlyForDeploymentPostprocessing = 0;
		};
/* End PBXFrameworksBuildPhase section */

/* Begin PBXGroup section */
		CC41344A26AD32AF00CC9B61 = {
			isa = PBXGroup;
			children = (
				CC41345526AD32AF00CC9B61 /* July25_app03 */,
				CC41345426AD32AF00CC9B61 /* Products */,
			);
			sourceTree = "<group>";
		};
		CC41345426AD32AF00CC9B61 /* Products */ = {
			isa = PBXGroup;
			children = (
				CC41345326AD32AF00CC9B61 /* July25_app03.app */,
			);
			name = Products;
			sourceTree = "<group>";
		};
		CC41345526AD32AF00CC9B61 /* July25_app03 */ = {
			isa = PBXGroup;
			children = (
				CC41345626AD32AF00CC9B61 /* AppDelegate.swift */,
				CC41345826AD32AF00CC9B61 /* SceneDelegate.swift */,
				CC41346A26AD363A00CC9B61 /* TableViewController.swift */,
				CC41346C26AD366500CC9B61 /* AddViewController.swift */,
				CC41346E26AD367F00CC9B61 /* DetailViewController.swift */,
				CC41345C26AD32AF00CC9B61 /* Main.storyboard */,
				CC41345F26AD32B100CC9B61 /* Assets.xcassets */,
				CC41346126AD32B100CC9B61 /* LaunchScreen.storyboard */,
				CC41346426AD32B100CC9B61 /* Info.plist */,
			);
			path = July25_app03;
			sourceTree = "<group>";
		};
/* End PBXGroup section */

/* Begin PBXNativeTarget section */
		CC41345226AD32AF00CC9B61 /* July25_app03 */ = {
			isa = PBXNativeTarget;
			buildConfigurationList = CC41346726AD32B100CC9B61 /* Build configuration list for PBXNativeTarget "July25_app03" */;
			buildPhases = (
				CC41344F26AD32AF00CC9B61 /* Sources */,
				CC41345026AD32AF00CC9B61 /* Frameworks */,
				CC41345126AD32AF00CC9B61 /* Resources */,
			);
			buildRules = (
			);
			dependencies = (
			);
			name = July25_app03;
			productName = July25_app03;
			productReference = CC41345326AD32AF00CC9B61 /* July25_app03.app */;
			productType = "com.apple.product-type.application";
		};
/* End PBXNativeTarget section */

/* Begin PBXProject section */
		CC41344B26AD32AF00CC9B61 /* Project object */ = {
			isa = PBXProject;
			attributes = {
				LastSwiftUpdateCheck = 1250;
				LastUpgradeCheck = 1250;
				TargetAttributes = {
					CC41345226AD32AF00CC9B61 = {
						CreatedOnToolsVersion = 12.5.1;
					};
				};
			};
			buildConfigurationList = CC41344E26AD32AF00CC9B61 /* Build configuration list for PBXProject "July25_app03" */;
			compatibilityVersion = "Xcode 9.3";
			developmentRegion = en;
			hasScannedForEncodings = 0;
			knownRegions = (
				en,
				Base,
			);
			mainGroup = CC41344A26AD32AF00CC9B61;
			productRefGroup = CC41345426AD32AF00CC9B61 /* Products */;
			projectDirPath = "";
			projectRoot = "";
			targets = (
				CC41345226AD32AF00CC9B61 /* July25_app03 */,
			);
		};
/* End PBXProject section */

/* Begin PBXResourcesBuildPhase section */
		CC41345126AD32AF00CC9B61 /* Resources */ = {
			isa = PBXResourcesBuildPhase;
			buildActionMask = 2147483647;
			files = (
				CC41346326AD32B100CC9B61 /* LaunchScreen.storyboard in Resources */,
				CC41346026AD32B100CC9B61 /* Assets.xcassets in Resources */,
				CC41345E26AD32AF00CC9B61 /* Main.storyboard in Resources */,
			);
			runOnlyForDeploymentPostprocessing = 0;
		};
/* End PBXResourcesBuildPhase section */

/* Begin PBXSourcesBuildPhase section */
		CC41344F26AD32AF00CC9B61 /* Sources */ = {
			isa = PBXSourcesBuildPhase;
			buildActionMask = 2147483647;
			files = (
				CC41345726AD32AF00CC9B61 /* AppDelegate.swift in Sources */,
				CC41346B26AD363A00CC9B61 /* TableViewController.swift in Sources */,
				CC41346F26AD367F00CC9B61 /* DetailViewController.swift in Sources */,
				CC41346D26AD366500CC9B61 /* AddViewController.swift in Sources */,
				CC41345926AD32AF00CC9B61 /* SceneDelegate.swift in Sources */,
			);
			runOnlyForDeploymentPostprocessing = 0;
		};
/* End PBXSourcesBuildPhase section */

/* Begin PBXVariantGroup section */
		CC41345C26AD32AF00CC9B61 /* Main.storyboard */ = {
			isa = PBXVariantGroup;
			children = (
				CC41345D26AD32AF00CC9B61 /* Base */,
			);
			name = Main.storyboard;
			sourceTree = "<group>";
		};
		CC41346126AD32B100CC9B61 /* LaunchScreen.storyboard */ = {
			isa = PBXVariantGroup;
			children = (
				CC41346226AD32B100CC9B61 /* Base */,
			);
			name = LaunchScreen.storyboard;
			sourceTree = "<group>";
		};
/* End PBXVariantGroup section */

/* Begin XCBuildConfiguration section */
		CC41346526AD32B100CC9B61 /* Debug */ = {
			isa = XCBuildConfiguration;
			buildSettings = {
				ALWAYS_SEARCH_USER_PATHS = NO;
				CLANG_ANALYZER_NONNULL = YES;
				CLANG_ANALYZER_NUMBER_OBJECT_CONVERSION = YES_AGGRESSIVE;
				CLANG_CXX_LANGUAGE_STANDARD = "gnu++14";
				CLANG_CXX_LIBRARY = "libc++";
				CLANG_ENABLE_MODULES = YES;
				CLANG_ENABLE_OBJC_ARC = YES;
				CLANG_ENABLE_OBJC_WEAK = YES;
				CLANG_WARN_BLOCK_CAPTURE_AUTORELEASING = YES;
				CLANG_WARN_BOOL_CONVERSION = YES;
				CLANG_WARN_COMMA = YES;
				CLANG_WARN_CONSTANT_CONVERSION = YES;
				CLANG_WARN_DEPRECATED_OBJC_IMPLEMENTATIONS = YES;
				CLANG_WARN_DIRECT_OBJC_ISA_USAGE = YES_ERROR;
				CLANG_WARN_DOCUMENTATION_COMMENTS = YES;
				CLANG_WARN_EMPTY_BODY = YES;
				CLANG_WARN_ENUM_CONVERSION = YES;
				CLANG_WARN_INFINITE_RECURSION = YES;
				CLANG_WARN_INT_CONVERSION = YES;
				CLANG_WARN_NON_LITERAL_NULL_CONVERSION = YES;
				CLANG_WARN_OBJC_IMPLICIT_RETAIN_SELF = YES;
				CLANG_WARN_OBJC_LITERAL_CONVERSION = YES;
				CLANG_WARN_OBJC_ROOT_CLASS = YES_ERROR;
				CLANG_WARN_QUOTED_INCLUDE_IN_FRAMEWORK_HEADER = YES;
				CLANG_WARN_RANGE_LOOP_ANALYSIS = YES;
				CLANG_WARN_STRICT_PROTOTYPES = YES;
				CLANG_WARN_SUSPICIOUS_MOVE = YES;
				CLANG_WARN_UNGUARDED_AVAILABILITY = YES_AGGRESSIVE;
				CLANG_WARN_UNREACHABLE_CODE = YES;
				CLANG_WARN__DUPLICATE_METHOD_MATCH = YES;
				COPY_PHASE_STRIP = NO;
				DEBUG_INFORMATION_FORMAT = dwarf;
				ENABLE_STRICT_OBJC_MSGSEND = YES;
				ENABLE_TESTABILITY = YES;
				GCC_C_LANGUAGE_STANDARD = gnu11;
				GCC_DYNAMIC_NO_PIC = NO;
				GCC_NO_COMMON_BLOCKS = YES;
				GCC_OPTIMIZATION_LEVEL = 0;
				GCC_PREPROCESSOR_DEFINITIONS = (
					"DEBUG=1",
					"$(inherited)",
				);
				GCC_WARN_64_TO_32_BIT_CONVERSION = YES;
				GCC_WARN_ABOUT_RETURN_TYPE = YES_ERROR;
				GCC_WARN_UNDECLARED_SELECTOR = YES;
				GCC_WARN_UNINITIALIZED_AUTOS = YES_AGGRESSIVE;
				GCC_WARN_UNUSED_FUNCTION = YES;
				GCC_WARN_UNUSED_VARIABLE = YES;
				IPHONEOS_DEPLOYMENT_TARGET = 14.5;
				MTL_ENABLE_DEBUG_INFO = INCLUDE_SOURCE;
				MTL_FAST_MATH = YES;
				ONLY_ACTIVE_ARCH = YES;
				SDKROOT = iphoneos;
				SWIFT_ACTIVE_COMPILATION_CONDITIONS = DEBUG;
				SWIFT_OPTIMIZATION_LEVEL = "-Onone";
			};
			name = Debug;
		};
		CC41346626AD32B100CC9B61 /* Release */ = {
			isa = XCBuildConfiguration;
			buildSettings = {
				ALWAYS_SEARCH_USER_PATHS = NO;
				CLANG_ANALYZER_NONNULL = YES;
				CLANG_ANALYZER_NUMBER_OBJECT_CONVERSION = YES_AGGRESSIVE;
				CLANG_CXX_LANGUAGE_STANDARD = "gnu++14";
				CLANG_CXX_LIBRARY = "libc++";
				CLANG_ENABLE_MODULES = YES;
				CLANG_ENABLE_OBJC_ARC = YES;
				CLANG_ENABLE_OBJC_WEAK = YES;
				CLANG_WARN_BLOCK_CAPTURE_AUTORELEASING = YES;
				CLANG_WARN_BOOL_CONVERSION = YES;
				CLANG_WARN_COMMA = YES;
				CLANG_WARN_CONSTANT_CONVERSION = YES;
				CLANG_WARN_DEPRECATED_OBJC_IMPLEMENTATIONS = YES;
				CLANG_WARN_DIRECT_OBJC_ISA_USAGE = YES_ERROR;
				CLANG_WARN_DOCUMENTATION_COMMENTS = YES;
				CLANG_WARN_EMPTY_BODY = YES;
				CLANG_WARN_ENUM_CONVERSION = YES;
				CLANG_WARN_INFINITE_RECURSION = YES;
				CLANG_WARN_INT_CONVERSION = YES;
				CLANG_WARN_NON_LITERAL_NULL_CONVERSION = YES;
				CLANG_WARN_OBJC_IMPLICIT_RETAIN_SELF = YES;
				CLANG_WARN_OBJC_LITERAL_CONVERSION = YES;
				CLANG_WARN_OBJC_ROOT_CLASS = YES_ERROR;
				CLANG_WARN_QUOTED_INCLUDE_IN_FRAMEWORK_HEADER = YES;
				CLANG_WARN_RANGE_LOOP_ANALYSIS = YES;
				CLANG_WARN_STRICT_PROTOTYPES = YES;
				CLANG_WARN_SUSPICIOUS_MOVE = YES;
				CLANG_WARN_UNGUARDED_AVAILABILITY = YES_AGGRESSIVE;
				CLANG_WARN_UNREACHABLE_CODE = YES;
				CLANG_WARN__DUPLICATE_METHOD_MATCH = YES;
				COPY_PHASE_STRIP = NO;
				DEBUG_INFORMATION_FORMAT = "dwarf-with-dsym";
				ENABLE_NS_ASSERTIONS = NO;
				ENABLE_STRICT_OBJC_MSGSEND = YES;
				GCC_C_LANGUAGE_STANDARD = gnu11;
				GCC_NO_COMMON_BLOCKS = YES;
				GCC_WARN_64_TO_32_BIT_CONVERSION = YES;
				GCC_WARN_ABOUT_RETURN_TYPE = YES_ERROR;
				GCC_WARN_UNDECLARED_SELECTOR = YES;
				GCC_WARN_UNINITIALIZED_AUTOS = YES_AGGRESSIVE;
				GCC_WARN_UNUSED_FUNCTION = YES;
				GCC_WARN_UNUSED_VARIABLE = YES;
				IPHONEOS_DEPLOYMENT_TARGET = 14.5;
				MTL_ENABLE_DEBUG_INFO = NO;
				MTL_FAST_MATH = YES;
				SDKROOT = iphoneos;
				SWIFT_COMPILATION_MODE = wholemodule;
				SWIFT_OPTIMIZATION_LEVEL = "-O";
				VALIDATE_PRODUCT = YES;
			};
			name = Release;
		};
		CC41346826AD32B100CC9B61 /* Debug */ = {
			isa = XCBuildConfiguration;
			buildSettings = {
				ASSETCATALOG_COMPILER_APPICON_NAME = AppIcon;
				ASSETCATALOG_COMPILER_GLOBAL_ACCENT_COLOR_NAME = AccentColor;
				CODE_SIGN_STYLE = Automatic;
				INFOPLIST_FILE = July25_app03/Info.plist;
				LD_RUNPATH_SEARCH_PATHS = (
					"$(inherited)",
					"@executable_path/Frameworks",
				);
				PRODUCT_BUNDLE_IDENTIFIER = "nam.July25-app03";
				PRODUCT_NAME = "$(TARGET_NAME)";
				SWIFT_VERSION = 5.0;
				TARGETED_DEVICE_FAMILY = "1,2";
			};
			name = Debug;
		};
		CC41346926AD32B100CC9B61 /* Release */ = {
			isa = XCBuildConfiguration;
			buildSettings = {
				ASSETCATALOG_COMPILER_APPICON_NAME = AppIcon;
				ASSETCATALOG_COMPILER_GLOBAL_ACCENT_COLOR_NAME = AccentColor;
				CODE_SIGN_STYLE = Automatic;
				INFOPLIST_FILE = July25_app03/Info.plist;
				LD_RUNPATH_SEARCH_PATHS = (
					"$(inherited)",
					"@executable_path/Frameworks",
				);
				PRODUCT_BUNDLE_IDENTIFIER = "nam.July25-app03";
				PRODUCT_NAME = "$(TARGET_NAME)";
				SWIFT_VERSION = 5.0;
				TARGETED_DEVICE_FAMILY = "1,2";
			};
			name = Release;
		};
/* End XCBuildConfiguration section */

/* Begin XCConfigurationList section */
		CC41344E26AD32AF00CC9B61 /* Build configuration list for PBXProject "July25_app03" */ = {
			isa = XCConfigurationList;
			buildConfigurations = (
				CC41346526AD32B100CC9B61 /* Debug */,
				CC41346626AD32B100CC9B61 /* Release */,
			);
			defaultConfigurationIsVisible = 0;
			defaultConfigurationName = Release;
		};
		CC41346726AD32B100CC9B61 /* Build configuration list for PBXNativeTarget "July25_app03" */ = {
			isa = XCConfigurationList;
			buildConfigurations = (
				CC41346826AD32B100CC9B61 /* Debug */,
				CC41346926AD32B100CC9B61 /* Release */,
			);
			defaultConfigurationIsVisible = 0;
			defaultConfigurationName = Release;
		};
/* End XCConfigurationList section */
	};
	rootObject = CC41344B26AD32AF00CC9B61 /* Project object */;
}
